<Solution>
  <Configurations>
    <Platform Name="Any CPU" />
    <Platform Name="x64" />
    <Platform Name="x86" />
  </Configurations>
  <Folder Name="/Tests/">
    <Project Path="../Tests/Aero.Auth.Tests.WebHost/Aero.Auth.Tests.WebHost.csproj" />
    <Project Path="../Tests/Aero.Auth.Tests/Aero.Auth.Tests.csproj" />
    <Project Path="../Tests/Aero.DataStructures.Tests/Aero.DataStructures.Tests.csproj" />
    <Project Path="../Tests/Aero.SendGrid.Tests/Aero.SendGrid.Tests.csproj" />
    <Project Path="../Tests/Aero.RavenDB.Tests/Aero.RavenDB.Tests.csproj" />
    <Project Path="../Tests/Aero.Social.Twitter/Aero.Social.Twitter.csproj" />
    <Project Path="../Tests/Aero.Cms.Manager.IntegrationTests/Aero.Cms.Manager.IntegrationTests.csproj" />
    <Project Path="../Tests/Aero.Cms.Manager.Tests/Aero.Cms.Manager.Tests.csproj" />
    <Project Path="../Tests/Aero.Cms.Tests/Aero.Cms.Tests.csproj" />
    <Project Path="../Tests/Aero.Identity.Tests/Aero.Identity.Tests.csproj" />
  </Folder>
  <Folder Name="/__Misc__/">
    <File Path="../CLAUDE.md" />
    <File Path="../clean.cs" />
    <File Path="../README.md" />
    <File Path="../submod.cs" />
    <File Path="../upgrade.cs" />
    <File Path=".gitignore" />
    <File Path="Directory.Build.props" />
    <File Path="garnet.conf.dev" />
    <File Path="nuget-publish.sh" />
    <File Path="nuget-update.sh" />
    <File Path="pack.sh" />
    <File Path="run-migrations.ps1" />
    <File Path="upgrade-packages.ps1" />
    <File Path="upgrade.ps1" />
  </Folder>
  <Project Path="Aero.Actors/Aero.Actors.csproj" />
  <Project Path="Aero.Auth/Aero.Auth.csproj" />
  <Project Path="Aero.Caching/Aero.Caching.csproj" />
  <Project Path="Aero.Core.Ai/Aero.Core.Ai.csproj" />
  <Project Path="Aero.Core/Aero.Core.csproj" />
  <Project Path="Aero.DataStructures/Aero.DataStructures.csproj" />
  <Project Path="Aero.Elastic/Aero.Elastic.csproj" />
  <Project Path="Aero.Events/Aero.Events.csproj" />
  <Project Path="Aero.MerakiUI/Aero.MerakiUI.csproj" />
  <Project Path="Aero.Models/Aero.Models.csproj" />
  <Project Path="Aero.EfCore/Aero.EfCore.csproj" />
  <Project Path="Aero.Marten/Aero.Marten.csproj" />
  <Project Path="Aero.RavenDB/Aero.RavenDB.csproj" />
  <Project Path="Aero.Services/Aero.Services.csproj" />
  <Project Path="Aero.SignalR/Aero.SignalR.csproj" />
  <Project Path="Aero.Social/Aero.Social.csproj" />
  <Project Path="Aero.Validators/Aero.Validators.csproj" />
  <Project Path="Aero.Web/Aero.Web.csproj" />
    <Project Path="Aero.Cms.AspNetCore.Hosting/Aero.Cms.AspNetCore.Hosting.csproj" />
  <Project Path="Aero.Cms.AspNetCore.Identity/Aero.Cms.AspNetCore.Identity.csproj" />
  <Project Path="Aero.Cms.AspNetCore/Aero.Cms.AspNetCore.csproj" />
  <Project Path="Aero.Cms.AttributeBuilder/Aero.Cms.AttributeBuilder.csproj" />
  <Project Path="Aero.Cms.Azure.BlobStorage/Aero.Cms.Azure.BlobStorage.csproj" />
  <Project Path="Aero.Cms.Data/Aero.Cms.Data.csproj" />
  <Project Path="Aero.Cms.ImageSharp/Aero.Cms.ImageSharp.csproj" />
  <Project Path="Aero.Cms.Local.FileStorage/Aero.Cms.Local.FileStorage.csproj" />
  <Project Path="Aero.Cms.Manager.LocalAuth/Aero.Cms.Manager.LocalAuth.csproj" />
  <Project Path="Aero.Cms.Manager.Localization/Aero.Cms.Manager.Localization.csproj" />
  <Project Path="Aero.Cms.Manager.TinyMCE/Aero.Cms.Manager.TinyMCE.csproj" />
  <Project Path="Aero.Cms.Manager.UI.Shared/Aero.Cms.Manager.UI.Shared.csproj" />
  <Project Path="Aero.Cms.Manager.UI.Web.Client/Aero.Cms.Manager.UI.Web.Client.csproj" />
  <Project Path="Aero.Cms.Manager.UI.Web/Aero.Cms.Manager.UI.Web.csproj" />
  <Project Path="Aero.Cms.Manager.UI/Aero.Cms.Manager.UI.csproj" />
  <Project Path="Aero.Cms.Manager/Aero.Cms.Manager.csproj" />
  <Project Path="Aero.Cms.WebApi/Aero.Cms.WebApi.csproj" />
  <Project Path="Aero.Cms/Aero.Cms.csproj" />
  <Project Path="Aero.Identity/Aero.Identity.csproj" />
  <Project Path="MvcWeb/MvcWeb.csproj" />
  <Project Path="RazorWeb/RazorWeb.csproj" />
</Solution>
